
Microsoft Visual Studio Solution File, Format Version 12.00
# Visual Studio Version 17
VisualStudioVersion = 17.2.32314.265
MinimumVisualStudioVersion = 10.0.40219.1
Project("{9A19103F-16F7-4668-BE54-9A1E7A4F7556}") = "MAK.Lib.BlazorCard", "MAK.Lib.BlazorCard.csproj", "{A4E786D6-F608-482B-8480-0A35A18533B2}"
EndProject
Global
	GlobalSection(SolutionConfigurationPlatforms) = preSolution
		Debug|Any CPU = Debug|Any CPU
		Release|Any CPU = Release|Any CPU
	EndGlobalSection
	GlobalSection(ProjectConfigurationPlatforms) = postSolution
		{A4E786D6-F608-482B-8480-0A35A18533B2}.Debug|Any CPU.ActiveCfg = Release|Any CPU
		{A4E786D6-F608-482B-8480-0A35A18533B2}.Debug|Any CPU.Build.0 = Release|Any CPU
		{A4E786D6-F608-482B-8480-0A35A18533B2}.Release|Any CPU.ActiveCfg = Release|Any CPU
		{A4E786D6-F608-482B-8480-0A35A18533B2}.Release|Any CPU.Build.0 = Release|Any CPU
	EndGlobalSection
	GlobalSection(SolutionProperties) = preSolution
		HideSolutionNode = FALSE
	EndGlobalSection
	GlobalSection(ExtensibilityGlobals) = postSolution
		SolutionGuid = {5B192F52-E466-43EE-9454-D9385A34361E}
	EndGlobalSection
	GlobalSection(MonoDevelopProperties) = preSolution
		Policies = $0
		$0.DotNetNamingPolicy = $1
		$1.DirectoryNamespaceAssociation = PrefixedHierarchical
		$0.TextStylePolicy = $2
		$2.inheritsSet = null
		$2.scope = text/x-csharp
		$0.CSharpFormattingPolicy = $3
		$3.SpaceAfterControlFlowStatementKeyword = False
		$3.WrappingPreserveSingleLine = False
		$3.WrappingKeepStatementsOnSingleLine = False
		$3.scope = text/x-csharp
	EndGlobalSection
EndGlobal
